
Microsoft Visual Studio Solution File, Format Version 12.00
Project("{FAE04EC0-301F-11D3-BF4B-00C04F79EFBC}") = "Zooper.Octopus", "Zooper.Octopus\Zooper.Octopus.csproj", "{D407510C-892D-475A-B6AA-75AD29F66A87}"
EndProject
Global
	GlobalSection(SolutionConfigurationPlatforms) = preSolution
		Debug|Any CPU = Debug|Any CPU
		Release|Any CPU = Release|Any CPU
	EndGlobalSection
	GlobalSection(ProjectConfigurationPlatforms) = postSolution
		{D407510C-892D-475A-B6AA-75AD29F66A87}.Debug|Any CPU.ActiveCfg = Debug|Any CPU
		{D407510C-892D-475A-B6AA-75AD29F66A87}.Debug|Any CPU.Build.0 = Debug|Any CPU
		{D407510C-892D-475A-B6AA-75AD29F66A87}.Release|Any CPU.ActiveCfg = Release|Any CPU
		{D407510C-892D-475A-B6AA-75AD29F66A87}.Release|Any CPU.Build.0 = Release|Any CPU
	EndGlobalSection
EndGlobal
